// !$*UTF8*$!
{
	archiveVersion = 1;
	classes = {
	};
	objectVersion = 77;
	objects = {

/* Begin PBXBuildFile section */
		1D04D3702F4D36CC00222447 /* FirebaseAnalytics in Frameworks */ = {isa = PBXBuildFile; productRef = 1D04D36F2F4D36CC00222447 /* FirebaseAnalytics */; };
		1D04D3722F4D36CC00222447 /* FirebaseAuth in Frameworks */ = {isa = PBXBuildFile; productRef = 1D04D3712F4D36CC00222447 /* FirebaseAuth */; };
		1D04D3742F4D36CC00222447 /* FirebaseCore in Frameworks */ = {isa = PBXBuildFile; productRef = 1D04D3732F4D36CC00222447 /* FirebaseCore */; };
		1D04D3762F4D36CC00222447 /* FirebaseCrashlytics in Frameworks */ = {isa = PBXBuildFile; productRef = 1D04D3752F4D36CC00222447 /* FirebaseCrashlytics */; };
		1D04D3782F4D36CC00222447 /* FirebaseFirestore in Frameworks */ = {isa = PBXBuildFile; productRef = 1D04D3772F4D36CC00222447 /* FirebaseFirestore */; };
		1D04D37A2F4D36CC00222447 /* FirebaseFunctions in Frameworks */ = {isa = PBXBuildFile; productRef = 1D04D3792F4D36CC00222447 /* FirebaseFunctions */; };
		1D04D37C2F4D36CC00222447 /* FirebaseMessaging in Frameworks */ = {isa = PBXBuildFile; productRef = 1D04D37B2F4D36CC00222447 /* FirebaseMessaging */; };
		1D04D37E2F4D36CC00222447 /* FirebaseRemoteConfig in Frameworks */ = {isa = PBXBuildFile; productRef = 1D04D37D2F4D36CC00222447 /* FirebaseRemoteConfig */; };
		1D04D3802F4D36CC00222447 /* FirebaseStorage in Frameworks */ = {isa = PBXBuildFile; productRef = 1D04D37F2F4D36CC00222447 /* FirebaseStorage */; };
		1D04D4392F4F0F7A00222447 /* GoogleSignIn in Frameworks */ = {isa = PBXBuildFile; productRef = 1D04D4382F4F0F7A00222447 /* GoogleSignIn */; };
		1D04D43B2F4F0F7A00222447 /* GoogleSignInSwift in Frameworks */ = {isa = PBXBuildFile; productRef = 1D04D43A2F4F0F7A00222447 /* GoogleSignInSwift */; };
/* End PBXBuildFile section */

/* Begin PBXContainerItemProxy section */
		1D04D3422F4D342200222447 /* PBXContainerItemProxy */ = {
			isa = PBXContainerItemProxy;
			containerPortal = 1D04D32C2F4D342100222447 /* Project object */;
			proxyType = 1;
			remoteGlobalIDString = 1D04D3332F4D342100222447;
			remoteInfo = shibari;
		};
		1D04D34C2F4D342200222447 /* PBXContainerItemProxy */ = {
			isa = PBXContainerItemProxy;
			containerPortal = 1D04D32C2F4D342100222447 /* Project object */;
			proxyType = 1;
			remoteGlobalIDString = 1D04D3332F4D342100222447;
			remoteInfo = shibari;
		};
/* End PBXContainerItemProxy section */

/* Begin PBXFileReference section */
		1D04D3342F4D342100222447 /* shibari.app */ = {isa = PBXFileReference; explicitFileType = wrapper.application; includeInIndex = 0; path = shibari.app; sourceTree = BUILT_PRODUCTS_DIR; };
		1D04D3412F4D342200222447 /* shibariTests.xctest */ = {isa = PBXFileReference; explicitFileType = wrapper.cfbundle; includeInIndex = 0; path = shibariTests.xctest; sourceTree = BUILT_PRODUCTS_DIR; };
		1D04D34B2F4D342200222447 /* shibariUITests.xctest */ = {isa = PBXFileReference; explicitFileType = wrapper.cfbundle; includeInIndex = 0; path = shibariUITests.xctest; sourceTree = BUILT_PRODUCTS_DIR; };
/* End PBXFileReference section */

/* Begin PBXFileSystemSynchronizedBuildFileExceptionSet section */
		1D04D4362F4F0F1100222447 /* Exceptions for "shibari" folder in "shibari" target */ = {
			isa = PBXFileSystemSynchronizedBuildFileExceptionSet;
			membershipExceptions = (
				Info.plist,
			);
			target = 1D04D3332F4D342100222447 /* shibari */;
		};
/* End PBXFileSystemSynchronizedBuildFileExceptionSet section */

/* Begin PBXFileSystemSynchronizedRootGroup section */
		1D04D3362F4D342100222447 /* shibari */ = {
			isa = PBXFileSystemSynchronizedRootGroup;
			exceptions = (
				1D04D4362F4F0F1100222447 /* Exceptions for "shibari" folder in "shibari" target */,
			);
			path = shibari;
			sourceTree = "<group>";
		};
		1D04D3442F4D342200222447 /* shibariTests */ = {
			isa = PBXFileSystemSynchronizedRootGroup;
			path = shibariTests;
			sourceTree = "<group>";
		};
		1D04D34E2F4D342200222447 /* shibariUITests */ = {
			isa = PBXFileSystemSynchronizedRootGroup;
			path = shibariUITests;
			sourceTree = "<group>";
		};
/* End PBXFileSystemSynchronizedRootGroup section */

/* Begin PBXFrameworksBuildPhase section */
		1D04D3312F4D342100222447 /* Frameworks */ = {
			isa = PBXFrameworksBuildPhase;
			buildActionMask = 2147483647;
			files = (
				1D04D3702F4D36CC00222447 /* FirebaseAnalytics in Frameworks */,
				1D04D3762F4D36CC00222447 /* FirebaseCrashlytics in Frameworks */,
				1D04D3802F4D36CC00222447 /* FirebaseStorage in Frameworks */,
				1D04D37C2F4D36CC00222447 /* FirebaseMessaging in Frameworks */,
				1D04D3742F4D36CC00222447 /* FirebaseCore in Frameworks */,
				1D04D4392F4F0F7A00222447 /* GoogleSignIn in Frameworks */,
				1D04D37A2F4D36CC00222447 /* FirebaseFunctions in Frameworks */,
				1D04D3782F4D36CC00222447 /* FirebaseFirestore in Frameworks */,
				1D04D3722F4D36CC00222447 /* FirebaseAuth in Frameworks */,
				1D04D37E2F4D36CC00222447 /* FirebaseRemoteConfig in Frameworks */,
				1D04D43B2F4F0F7A00222447 /* GoogleSignInSwift in Frameworks */,
			);
			runOnlyForDeploymentPostprocessing = 0;
		};
		1D04D33E2F4D342200222447 /* Frameworks */ = {
			isa = PBXFrameworksBuildPhase;
			buildActionMask = 2147483647;
			files = (
			);
			runOnlyForDeploymentPostprocessing = 0;
		};
		1D04D3482F4D342200222447 /* Frameworks */ = {
			isa = PBXFrameworksBuildPhase;
			buildActionMask = 2147483647;
			files = (
			);
			runOnlyForDeploymentPostprocessing = 0;
		};
/* End PBXFrameworksBuildPhase section */

/* Begin PBXGroup section */
		1D04D32B2F4D342100222447 = {
			isa = PBXGroup;
			children = (
				1D04D3362F4D342100222447 /* shibari */,
				1D04D3442F4D342200222447 /* shibariTests */,
				1D04D34E2F4D342200222447 /* shibariUITests */,
				1D04D3352F4D342100222447 /* Products */,
			);
			sourceTree = "<group>";
		};
		1D04D3352F4D342100222447 /* Products */ = {
			isa = PBXGroup;
			children = (
				1D04D3342F4D342100222447 /* shibari.app */,
				1D04D3412F4D342200222447 /* shibariTests.xctest */,
				1D04D34B2F4D342200222447 /* shibariUITests.xctest */,
			);
			name = Products;
			sourceTree = "<group>";
		};
/* End PBXGroup section */

/* Begin PBXNativeTarget section */
		1D04D3332F4D342100222447 /* shibari */ = {
			isa = PBXNativeTarget;
			buildConfigurationList = 1D04D3552F4D342200222447 /* Build configuration list for PBXNativeTarget "shibari" */;
			buildPhases = (
				1D04D3302F4D342100222447 /* Sources */,
				1D04D3312F4D342100222447 /* Frameworks */,
				1D04D3322F4D342100222447 /* Resources */,
				1D04D5482F4F316D00222447 /* Run Script */,
			);
			buildRules = (
			);
			dependencies = (
			);
			fileSystemSynchronizedGroups = (
				1D04D3362F4D342100222447 /* shibari */,
			);
			name = shibari;
			packageProductDependencies = (
				1D04D36F2F4D36CC00222447 /* FirebaseAnalytics */,
				1D04D3712F4D36CC00222447 /* FirebaseAuth */,
				1D04D3732F4D36CC00222447 /* FirebaseCore */,
				1D04D3752F4D36CC00222447 /* FirebaseCrashlytics */,
				1D04D3772F4D36CC00222447 /* FirebaseFirestore */,
				1D04D3792F4D36CC00222447 /* FirebaseFunctions */,
				1D04D37B2F4D36CC00222447 /* FirebaseMessaging */,
				1D04D37D2F4D36CC00222447 /* FirebaseRemoteConfig */,
				1D04D37F2F4D36CC00222447 /* FirebaseStorage */,
				1D04D4382F4F0F7A00222447 /* GoogleSignIn */,
				1D04D43A2F4F0F7A00222447 /* GoogleSignInSwift */,
			);
			productName = shibari;
			productReference = 1D04D3342F4D342100222447 /* shibari.app */;
			productType = "com.apple.product-type.application";
		};
		1D04D3402F4D342200222447 /* shibariTests */ = {
			isa = PBXNativeTarget;
			buildConfigurationList = 1D04D3582F4D342200222447 /* Build configuration list for PBXNativeTarget "shibariTests" */;
			buildPhases = (
				1D04D33D2F4D342200222447 /* Sources */,
				1D04D33E2F4D342200222447 /* Frameworks */,
				1D04D33F2F4D342200222447 /* Resources */,
			);
			buildRules = (
			);
			dependencies = (
				1D04D3432F4D342200222447 /* PBXTargetDependency */,
			);
			fileSystemSynchronizedGroups = (
				1D04D3442F4D342200222447 /* shibariTests */,
			);
			name = shibariTests;
			packageProductDependencies = (
			);
			productName = shibariTests;
			productReference = 1D04D3412F4D342200222447 /* shibariTests.xctest */;
			productType = "com.apple.product-type.bundle.unit-test";
		};
		1D04D34A2F4D342200222447 /* shibariUITests */ = {
			isa = PBXNativeTarget;
			buildConfigurationList = 1D04D35B2F4D342200222447 /* Build configuration list for PBXNativeTarget "shibariUITests" */;
			buildPhases = (
				1D04D3472F4D342200222447 /* Sources */,
				1D04D3482F4D342200222447 /* Frameworks */,
				1D04D3492F4D342200222447 /* Resources */,
			);
			buildRules = (
			);
			dependencies = (
				1D04D34D2F4D342200222447 /* PBXTargetDependency */,
			);
			fileSystemSynchronizedGroups = (
				1D04D34E2F4D342200222447 /* shibariUITests */,
			);
			name = shibariUITests;
			packageProductDependencies = (
			);
			productName = shibariUITests;
			productReference = 1D04D34B2F4D342200222447 /* shibariUITests.xctest */;
			productType = "com.apple.product-type.bundle.ui-testing";
		};
/* End PBXNativeTarget section */

/* Begin PBXProject section */
		1D04D32C2F4D342100222447 /* Project object */ = {
			isa = PBXProject;
			attributes = {
				BuildIndependentTargetsInParallel = 1;
				LastSwiftUpdateCheck = 2600;
				LastUpgradeCheck = 2600;
				TargetAttributes = {
					1D04D3332F4D342100222447 = {
						CreatedOnToolsVersion = 26.0.1;
					};
					1D04D3402F4D342200222447 = {
						CreatedOnToolsVersion = 26.0.1;
						TestTargetID = 1D04D3332F4D342100222447;
					};
					1D04D34A2F4D342200222447 = {
						CreatedOnToolsVersion = 26.0.1;
						TestTargetID = 1D04D3332F4D342100222447;
					};
				};
			};
			buildConfigurationList = 1D04D32F2F4D342100222447 /* Build configuration list for PBXProject "shibari" */;
			developmentRegion = en;
			hasScannedForEncodings = 0;
			knownRegions = (
				en,
				Base,
			);
			mainGroup = 1D04D32B2F4D342100222447;
			minimizedProjectReferenceProxies = 1;
			packageReferences = (
				1D04D36E2F4D361800222447 /* XCRemoteSwiftPackageReference "firebase-ios-sdk" */,
				1D04D4372F4F0F7A00222447 /* XCRemoteSwiftPackageReference "GoogleSignIn-iOS" */,
			);
			preferredProjectObjectVersion = 77;
			productRefGroup = 1D04D3352F4D342100222447 /* Products */;
			projectDirPath = "";
			projectRoot = "";
			targets = (
				1D04D3332F4D342100222447 /* shibari */,
				1D04D3402F4D342200222447 /* shibariTests */,
				1D04D34A2F4D342200222447 /* shibariUITests */,
			);
		};
/* End PBXProject section */

/* Begin PBXResourcesBuildPhase section */
		1D04D3322F4D342100222447 /* Resources */ = {
			isa = PBXResourcesBuildPhase;
			buildActionMask = 2147483647;
			files = (
			);
			runOnlyForDeploymentPostprocessing = 0;
		};
		1D04D33F2F4D342200222447 /* Resources */ = {
			isa = PBXResourcesBuildPhase;
			buildActionMask = 2147483647;
			files = (
			);
			runOnlyForDeploymentPostprocessing = 0;
		};
		1D04D3492F4D342200222447 /* Resources */ = {
			isa = PBXResourcesBuildPhase;
			buildActionMask = 2147483647;
			files = (
			);
			runOnlyForDeploymentPostprocessing = 0;
		};
/* End PBXResourcesBuildPhase section */

/* Begin PBXShellScriptBuildPhase section */
		1D04D5482F4F316D00222447 /* Run Script */ = {
			isa = PBXShellScriptBuildPhase;
			buildActionMask = 2147483647;
			files = (
			);
			inputFileListPaths = (
			);
			inputPaths = (
				"${DWARF_DSYM_FOLDER_PATH}/${DWARF_DSYM_FILE_NAME}",
				"${DWARF_DSYM_FOLDER_PATH}/${DWARF_DSYM_FILE_NAME}/Contents/Resources/DWARF/${PRODUCT_NAME}",
				"${DWARF_DSYM_FOLDER_PATH}/${DWARF_DSYM_FILE_NAME}/Contents/Info.plist",
				"$(TARGET_BUILD_DIR)/$(UNLOCALIZED_RESOURCES_FOLDER_PATH)/GoogleService-Info.plist",
				"$(TARGET_BUILD_DIR)/$(EXECUTABLE_PATH)",
				"${DWARF_DSYM_FOLDER_PATH}/${DWARF_DSYM_FILE_NAME}/Contents/Resources/DWARF/${PRODUCT_NAME}.debug.dylib",
				"$(SRCROOT)/${BUILT_PRODUCTS_DIR}/${INFOPLIST_PATH}",
			);
			name = "Run Script";
			outputFileListPaths = (
			);
			outputPaths = (
			);
			runOnlyForDeploymentPostprocessing = 0;
			shellPath = /bin/sh;
			shellScript = "# Type a script or drag a script file from your workspace to insert its path.\n\"${BUILD_DIR%/Build/*}/SourcePackages/checkouts/firebase-ios-sdk/Crashlytics/run\"\n";
		};
/* End PBXShellScriptBuildPhase section */

/* Begin PBXSourcesBuildPhase section */
		1D04D3302F4D342100222447 /* Sources */ = {
			isa = PBXSourcesBuildPhase;
			buildActionMask = 2147483647;
			files = (
			);
			runOnlyForDeploymentPostprocessing = 0;
		};
		1D04D33D2F4D342200222447 /* Sources */ = {
			isa = PBXSourcesBuildPhase;
			buildActionMask = 2147483647;
			files = (
			);
			runOnlyForDeploymentPostprocessing = 0;
		};
		1D04D3472F4D342200222447 /* Sources */ = {
			isa = PBXSourcesBuildPhase;
			buildActionMask = 2147483647;
			files = (
			);
			runOnlyForDeploymentPostprocessing = 0;
		};
/* End PBXSourcesBuildPhase section */

/* Begin PBXTargetDependency section */
		1D04D3432F4D342200222447 /* PBXTargetDependency */ = {
			isa = PBXTargetDependency;
			target = 1D04D3332F4D342100222447 /* shibari */;
			targetProxy = 1D04D3422F4D342200222447 /* PBXContainerItemProxy */;
		};
		1D04D34D2F4D342200222447 /* PBXTargetDependency */ = {
			isa = PBXTargetDependency;
			target = 1D04D3332F4D342100222447 /* shibari */;
			targetProxy = 1D04D34C2F4D342200222447 /* PBXContainerItemProxy */;
		};
/* End PBXTargetDependency section */

/* Begin XCBuildConfiguration section */
		1D04D3532F4D342200222447 /* Debug */ = {
			isa = XCBuildConfiguration;
			buildSettings = {
				ALWAYS_SEARCH_USER_PATHS = NO;
				ASSETCATALOG_COMPILER_GENERATE_SWIFT_ASSET_SYMBOL_EXTENSIONS = YES;
				CLANG_ANALYZER_NONNULL = YES;
				CLANG_ANALYZER_NUMBER_OBJECT_CONVERSION = YES_AGGRESSIVE;
				CLANG_CXX_LANGUAGE_STANDARD = "gnu++20";
				CLANG_ENABLE_MODULES = YES;
				CLANG_ENABLE_OBJC_ARC = YES;
				CLANG_ENABLE_OBJC_WEAK = YES;
				CLANG_WARN_BLOCK_CAPTURE_AUTORELEASING = YES;
				CLANG_WARN_BOOL_CONVERSION = YES;
				CLANG_WARN_COMMA = YES;
				CLANG_WARN_CONSTANT_CONVERSION = YES;
				CLANG_WARN_DEPRECATED_OBJC_IMPLEMENTATIONS = YES;
				CLANG_WARN_DIRECT_OBJC_ISA_USAGE = YES_ERROR;
				CLANG_WARN_DOCUMENTATION_COMMENTS = YES;
				CLANG_WARN_EMPTY_BODY = YES;
				CLANG_WARN_ENUM_CONVERSION = YES;
				CLANG_WARN_INFINITE_RECURSION = YES;
				CLANG_WARN_INT_CONVERSION = YES;
				CLANG_WARN_NON_LITERAL_NULL_CONVERSION = YES;
				CLANG_WARN_OBJC_IMPLICIT_RETAIN_SELF = YES;
				CLANG_WARN_OBJC_LITERAL_CONVERSION = YES;
				CLANG_WARN_OBJC_ROOT_CLASS = YES_ERROR;
				CLANG_WARN_QUOTED_INCLUDE_IN_FRAMEWORK_HEADER = YES;
				CLANG_WARN_RANGE_LOOP_ANALYSIS = YES;
				CLANG_WARN_STRICT_PROTOTYPES = YES;
				CLANG_WARN_SUSPICIOUS_MOVE = YES;
				CLANG_WARN_UNGUARDED_AVAILABILITY = YES_AGGRESSIVE;
				CLANG_WARN_UNREACHABLE_CODE = YES;
				CLANG_WARN__DUPLICATE_METHOD_MATCH = YES;
				COPY_PHASE_STRIP = NO;
				DEBUG_INFORMATION_FORMAT = "dwarf-with-dsym";
				ENABLE_DEBUG_DYLIB = NO;
				ENABLE_STRICT_OBJC_MSGSEND = YES;
				ENABLE_TESTABILITY = YES;
				ENABLE_USER_SCRIPT_SANDBOXING = YES;
				GCC_C_LANGUAGE_STANDARD = gnu17;
				GCC_DYNAMIC_NO_PIC = NO;
				GCC_NO_COMMON_BLOCKS = YES;
				GCC_OPTIMIZATION_LEVEL = 0;
				GCC_PREPROCESSOR_DEFINITIONS = (
					"DEBUG=1",
					"$(inherited)",
				);
				GCC_WARN_64_TO_32_BIT_CONVERSION = YES;
				GCC_WARN_ABOUT_RETURN_TYPE = YES_ERROR;
				GCC_WARN_UNDECLARED_SELECTOR = YES;
				GCC_WARN_UNINITIALIZED_AUTOS = YES_AGGRESSIVE;
				GCC_WARN_UNUSED_FUNCTION = YES;
				GCC_WARN_UNUSED_VARIABLE = YES;
				IPHONEOS_DEPLOYMENT_TARGET = 26.0;
				LOCALIZATION_PREFERS_STRING_CATALOGS = YES;
				MTL_ENABLE_DEBUG_INFO = INCLUDE_SOURCE;
				MTL_FAST_MATH = YES;
				ONLY_ACTIVE_ARCH = YES;
				SDKROOT = iphoneos;
				SWIFT_ACTIVE_COMPILATION_CONDITIONS = "DEBUG $(inherited)";
				SWIFT_OPTIMIZATION_LEVEL = "-Onone";
			};
			name = Debug;
		};
		1D04D3542F4D342200222447 /* Release */ = {
			isa = XCBuildConfiguration;
			buildSettings = {
				ALWAYS_SEARCH_USER_PATHS = NO;
				ASSETCATALOG_COMPILER_GENERATE_SWIFT_ASSET_SYMBOL_EXTENSIONS = YES;
				CLANG_ANALYZER_NONNULL = YES;
				CLANG_ANALYZER_NUMBER_OBJECT_CONVERSION = YES_AGGRESSIVE;
				CLANG_CXX_LANGUAGE_STANDARD = "gnu++20";
				CLANG_ENABLE_MODULES = YES;
				CLANG_ENABLE_OBJC_ARC = YES;
				CLANG_ENABLE_OBJC_WEAK = YES;
				CLANG_WARN_BLOCK_CAPTURE_AUTORELEASING = YES;
				CLANG_WARN_BOOL_CONVERSION = YES;
				CLANG_WARN_COMMA = YES;
				CLANG_WARN_CONSTANT_CONVERSION = YES;
				CLANG_WARN_DEPRECATED_OBJC_IMPLEMENTATIONS = YES;
				CLANG_WARN_DIRECT_OBJC_ISA_USAGE = YES_ERROR;
				CLANG_WARN_DOCUMENTATION_COMMENTS = YES;
				CLANG_WARN_EMPTY_BODY = YES;
				CLANG_WARN_ENUM_CONVERSION = YES;
				CLANG_WARN_INFINITE_RECURSION = YES;
				CLANG_WARN_INT_CONVERSION = YES;
				CLANG_WARN_NON_LITERAL_NULL_CONVERSION = YES;
				CLANG_WARN_OBJC_IMPLICIT_RETAIN_SELF = YES;
				CLANG_WARN_OBJC_LITERAL_CONVERSION = YES;
				CLANG_WARN_OBJC_ROOT_CLASS = YES_ERROR;
				CLANG_WARN_QUOTED_INCLUDE_IN_FRAMEWORK_HEADER = YES;
				CLANG_WARN_RANGE_LOOP_ANALYSIS = YES;
				CLANG_WARN_STRICT_PROTOTYPES = YES;
				CLANG_WARN_SUSPICIOUS_MOVE = YES;
				CLANG_WARN_UNGUARDED_AVAILABILITY = YES_AGGRESSIVE;
				CLANG_WARN_UNREACHABLE_CODE = YES;
				CLANG_WARN__DUPLICATE_METHOD_MATCH = YES;
				COPY_PHASE_STRIP = NO;
				DEBUG_INFORMATION_FORMAT = "dwarf-with-dsym";
				ENABLE_DEBUG_DYLIB = NO;
				ENABLE_NS_ASSERTIONS = NO;
				ENABLE_STRICT_OBJC_MSGSEND = YES;
				ENABLE_USER_SCRIPT_SANDBOXING = YES;
				GCC_C_LANGUAGE_STANDARD = gnu17;
				GCC_NO_COMMON_BLOCKS = YES;
				GCC_WARN_64_TO_32_BIT_CONVERSION = YES;
				GCC_WARN_ABOUT_RETURN_TYPE = YES_ERROR;
				GCC_WARN_UNDECLARED_SELECTOR = YES;
				GCC_WARN_UNINITIALIZED_AUTOS = YES_AGGRESSIVE;
				GCC_WARN_UNUSED_FUNCTION = YES;
				GCC_WARN_UNUSED_VARIABLE = YES;
				IPHONEOS_DEPLOYMENT_TARGET = 26.0;
				LOCALIZATION_PREFERS_STRING_CATALOGS = YES;
				MTL_ENABLE_DEBUG_INFO = NO;
				MTL_FAST_MATH = YES;
				SDKROOT = iphoneos;
				SWIFT_COMPILATION_MODE = wholemodule;
				VALIDATE_PRODUCT = YES;
			};
			name = Release;
		};
		1D04D3562F4D342200222447 /* Debug */ = {
			isa = XCBuildConfiguration;
			buildSettings = {
				ASSETCATALOG_COMPILER_APPICON_NAME = AppIcon;
				ASSETCATALOG_COMPILER_GLOBAL_ACCENT_COLOR_NAME = AccentColor;
				CODE_SIGN_ENTITLEMENTS = shibari/shibari.entitlements;
				CODE_SIGN_IDENTITY = "Apple Development";
				CODE_SIGN_STYLE = Automatic;
				CURRENT_PROJECT_VERSION = 1;
				DEVELOPMENT_TEAM = HHBLP8M79N;
				ENABLE_PREVIEWS = YES;
				GENERATE_INFOPLIST_FILE = YES;
				INFOPLIST_FILE = shibari/Info.plist;
				INFOPLIST_KEY_UIApplicationSceneManifest_Generation = YES;
				INFOPLIST_KEY_UIApplicationSupportsIndirectInputEvents = YES;
				INFOPLIST_KEY_UISupportedInterfaceOrientations_iPad = "UIInterfaceOrientationPortrait UIInterfaceOrientationPortraitUpsideDown UIInterfaceOrientationLandscapeLeft UIInterfaceOrientationLandscapeRight";
				INFOPLIST_KEY_UISupportedInterfaceOrientations_iPhone = "UIInterfaceOrientationPortrait UIInterfaceOrientationLandscapeLeft UIInterfaceOrientationLandscapeRight";
				LD_RUNPATH_SEARCH_PATHS = (
					"$(inherited)",
					"@executable_path/Frameworks",
				);
				MARKETING_VERSION = 1.1.1;
				PRODUCT_BUNDLE_IDENTIFIER = com.betsudotai.shibari;
				PRODUCT_NAME = "$(TARGET_NAME)";
				PROVISIONING_PROFILE_SPECIFIER = "";
				STRING_CATALOG_GENERATE_SYMBOLS = YES;
				SWIFT_APPROACHABLE_CONCURRENCY = YES;
				SWIFT_DEFAULT_ACTOR_ISOLATION = MainActor;
				SWIFT_EMIT_LOC_STRINGS = YES;
				SWIFT_UPCOMING_FEATURE_MEMBER_IMPORT_VISIBILITY = YES;
				SWIFT_VERSION = 5.0;
				TARGETED_DEVICE_FAMILY = "1,2";
			};
			name = Debug;
		};
		1D04D3572F4D342200222447 /* Release */ = {
			isa = XCBuildConfiguration;
			buildSettings = {
				ASSETCATALOG_COMPILER_APPICON_NAME = AppIcon;
				ASSETCATALOG_COMPILER_GLOBAL_ACCENT_COLOR_NAME = AccentColor;
				CODE_SIGN_ENTITLEMENTS = shibari/shibari.entitlements;
				CODE_SIGN_IDENTITY = "Apple Development";
				CODE_SIGN_STYLE = Automatic;
				CURRENT_PROJECT_VERSION = 1;
				DEVELOPMENT_TEAM = HHBLP8M79N;
				ENABLE_PREVIEWS = YES;
				GENERATE_INFOPLIST_FILE = YES;
				INFOPLIST_FILE = shibari/Info.plist;
				INFOPLIST_KEY_UIApplicationSceneManifest_Generation = YES;
				INFOPLIST_KEY_UIApplicationSupportsIndirectInputEvents = YES;
				INFOPLIST_KEY_UISupportedInterfaceOrientations_iPad = "UIInterfaceOrientationPortrait UIInterfaceOrientationPortraitUpsideDown UIInterfaceOrientationLandscapeLeft UIInterfaceOrientationLandscapeRight";
				INFOPLIST_KEY_UISupportedInterfaceOrientations_iPhone = "UIInterfaceOrientationPortrait UIInterfaceOrientationLandscapeLeft UIInterfaceOrientationLandscapeRight";
				LD_RUNPATH_SEARCH_PATHS = (
					"$(inherited)",
					"@executable_path/Frameworks",
				);
				MARKETING_VERSION = 1.1.1;
				PRODUCT_BUNDLE_IDENTIFIER = com.betsudotai.shibari;
				PRODUCT_NAME = "$(TARGET_NAME)";
				PROVISIONING_PROFILE_SPECIFIER = "";
				STRING_CATALOG_GENERATE_SYMBOLS = YES;
				SWIFT_APPROACHABLE_CONCURRENCY = YES;
				SWIFT_DEFAULT_ACTOR_ISOLATION = MainActor;
				SWIFT_EMIT_LOC_STRINGS = YES;
				SWIFT_UPCOMING_FEATURE_MEMBER_IMPORT_VISIBILITY = YES;
				SWIFT_VERSION = 5.0;
				TARGETED_DEVICE_FAMILY = "1,2";
			};
			name = Release;
		};
		1D04D3592F4D342200222447 /* Debug */ = {
			isa = XCBuildConfiguration;
			buildSettings = {
				BUNDLE_LOADER = "$(TEST_HOST)";
				CODE_SIGN_STYLE = Automatic;
				CURRENT_PROJECT_VERSION = 1;
				GENERATE_INFOPLIST_FILE = YES;
				IPHONEOS_DEPLOYMENT_TARGET = 26.0;
				MARKETING_VERSION = 1.0;
				PRODUCT_BUNDLE_IDENTIFIER = com.betsudotai.shibariTests;
				PRODUCT_NAME = "$(TARGET_NAME)";
				STRING_CATALOG_GENERATE_SYMBOLS = NO;
				SWIFT_APPROACHABLE_CONCURRENCY = YES;
				SWIFT_EMIT_LOC_STRINGS = NO;
				SWIFT_UPCOMING_FEATURE_MEMBER_IMPORT_VISIBILITY = YES;
				SWIFT_VERSION = 5.0;
				TARGETED_DEVICE_FAMILY = "1,2";
				TEST_HOST = "$(BUILT_PRODUCTS_DIR)/shibari.app/$(BUNDLE_EXECUTABLE_FOLDER_PATH)/shibari";
			};
			name = Debug;
		};
		1D04D35A2F4D342200222447 /* Release */ = {
			isa = XCBuildConfiguration;
			buildSettings = {
				BUNDLE_LOADER = "$(TEST_HOST)";
				CODE_SIGN_STYLE = Automatic;
				CURRENT_PROJECT_VERSION = 1;
				GENERATE_INFOPLIST_FILE = YES;
				IPHONEOS_DEPLOYMENT_TARGET = 26.0;
				MARKETING_VERSION = 1.0;
				PRODUCT_BUNDLE_IDENTIFIER = com.betsudotai.shibariTests;
				PRODUCT_NAME = "$(TARGET_NAME)";
				STRING_CATALOG_GENERATE_SYMBOLS = NO;
				SWIFT_APPROACHABLE_CONCURRENCY = YES;
				SWIFT_EMIT_LOC_STRINGS = NO;
				SWIFT_UPCOMING_FEATURE_MEMBER_IMPORT_VISIBILITY = YES;
				SWIFT_VERSION = 5.0;
				TARGETED_DEVICE_FAMILY = "1,2";
				TEST_HOST = "$(BUILT_PRODUCTS_DIR)/shibari.app/$(BUNDLE_EXECUTABLE_FOLDER_PATH)/shibari";
			};
			name = Release;
		};
		1D04D35C2F4D342200222447 /* Debug */ = {
			isa = XCBuildConfiguration;
			buildSettings = {
				CODE_SIGN_STYLE = Automatic;
				CURRENT_PROJECT_VERSION = 1;
				GENERATE_INFOPLIST_FILE = YES;
				MARKETING_VERSION = 1.0;
				PRODUCT_BUNDLE_IDENTIFIER = com.betsudotai.shibariUITests;
				PRODUCT_NAME = "$(TARGET_NAME)";
				STRING_CATALOG_GENERATE_SYMBOLS = NO;
				SWIFT_APPROACHABLE_CONCURRENCY = YES;
				SWIFT_EMIT_LOC_STRINGS = NO;
				SWIFT_UPCOMING_FEATURE_MEMBER_IMPORT_VISIBILITY = YES;
				SWIFT_VERSION = 5.0;
				TARGETED_DEVICE_FAMILY = "1,2";
				TEST_TARGET_NAME = shibari;
			};
			name = Debug;
		};
		1D04D35D2F4D342200222447 /* Release */ = {
			isa = XCBuildConfiguration;
			buildSettings = {
				CODE_SIGN_STYLE = Automatic;
				CURRENT_PROJECT_VERSION = 1;
				GENERATE_INFOPLIST_FILE = YES;
				MARKETING_VERSION = 1.0;
				PRODUCT_BUNDLE_IDENTIFIER = com.betsudotai.shibariUITests;
				PRODUCT_NAME = "$(TARGET_NAME)";
				STRING_CATALOG_GENERATE_SYMBOLS = NO;
				SWIFT_APPROACHABLE_CONCURRENCY = YES;
				SWIFT_EMIT_LOC_STRINGS = NO;
				SWIFT_UPCOMING_FEATURE_MEMBER_IMPORT_VISIBILITY = YES;
				SWIFT_VERSION = 5.0;
				TARGETED_DEVICE_FAMILY = "1,2";
				TEST_TARGET_NAME = shibari;
			};
			name = Release;
		};
/* End XCBuildConfiguration section */

/* Begin XCConfigurationList section */
		1D04D32F2F4D342100222447 /* Build configuration list for PBXProject "shibari" */ = {
			isa = XCConfigurationList;
			buildConfigurations = (
				1D04D3532F4D342200222447 /* Debug */,
				1D04D3542F4D342200222447 /* Release */,
			);
			defaultConfigurationIsVisible = 0;
			defaultConfigurationName = Release;
		};
		1D04D3552F4D342200222447 /* Build configuration list for PBXNativeTarget "shibari" */ = {
			isa = XCConfigurationList;
			buildConfigurations = (
				1D04D3562F4D342200222447 /* Debug */,
				1D04D3572F4D342200222447 /* Release */,
			);
			defaultConfigurationIsVisible = 0;
			defaultConfigurationName = Release;
		};
		1D04D3582F4D342200222447 /* Build configuration list for PBXNativeTarget "shibariTests" */ = {
			isa = XCConfigurationList;
			buildConfigurations = (
				1D04D3592F4D342200222447 /* Debug */,
				1D04D35A2F4D342200222447 /* Release */,
			);
			defaultConfigurationIsVisible = 0;
			defaultConfigurationName = Release;
		};
		1D04D35B2F4D342200222447 /* Build configuration list for PBXNativeTarget "shibariUITests" */ = {
			isa = XCConfigurationList;
			buildConfigurations = (
				1D04D35C2F4D342200222447 /* Debug */,
				1D04D35D2F4D342200222447 /* Release */,
			);
			defaultConfigurationIsVisible = 0;
			defaultConfigurationName = Release;
		};
/* End XCConfigurationList section */

/* Begin XCRemoteSwiftPackageReference section */
		1D04D36E2F4D361800222447 /* XCRemoteSwiftPackageReference "firebase-ios-sdk" */ = {
			isa = XCRemoteSwiftPackageReference;
			repositoryURL = "https://github.com/firebase/firebase-ios-sdk.git";
			requirement = {
				kind = upToNextMajorVersion;
				minimumVersion = 12.9.0;
			};
		};
		1D04D4372F4F0F7A00222447 /* XCRemoteSwiftPackageReference "GoogleSignIn-iOS" */ = {
			isa = XCRemoteSwiftPackageReference;
			repositoryURL = "https://github.com/google/GoogleSignIn-iOS";
			requirement = {
				kind = upToNextMajorVersion;
				minimumVersion = 9.1.0;
			};
		};
/* End XCRemoteSwiftPackageReference section */

/* Begin XCSwiftPackageProductDependency section */
		1D04D36F2F4D36CC00222447 /* FirebaseAnalytics */ = {
			isa = XCSwiftPackageProductDependency;
			package = 1D04D36E2F4D361800222447 /* XCRemoteSwiftPackageReference "firebase-ios-sdk" */;
			productName = FirebaseAnalytics;
		};
		1D04D3712F4D36CC00222447 /* FirebaseAuth */ = {
			isa = XCSwiftPackageProductDependency;
			package = 1D04D36E2F4D361800222447 /* XCRemoteSwiftPackageReference "firebase-ios-sdk" */;
			productName = FirebaseAuth;
		};
		1D04D3732F4D36CC00222447 /* FirebaseCore */ = {
			isa = XCSwiftPackageProductDependency;
			package = 1D04D36E2F4D361800222447 /* XCRemoteSwiftPackageReference "firebase-ios-sdk" */;
			productName = FirebaseCore;
		};
		1D04D3752F4D36CC00222447 /* FirebaseCrashlytics */ = {
			isa = XCSwiftPackageProductDependency;
			package = 1D04D36E2F4D361800222447 /* XCRemoteSwiftPackageReference "firebase-ios-sdk" */;
			productName = FirebaseCrashlytics;
		};
		1D04D3772F4D36CC00222447 /* FirebaseFirestore */ = {
			isa = XCSwiftPackageProductDependency;
			package = 1D04D36E2F4D361800222447 /* XCRemoteSwiftPackageReference "firebase-ios-sdk" */;
			productName = FirebaseFirestore;
		};
		1D04D3792F4D36CC00222447 /* FirebaseFunctions */ = {
			isa = XCSwiftPackageProductDependency;
			package = 1D04D36E2F4D361800222447 /* XCRemoteSwiftPackageReference "firebase-ios-sdk" */;
			productName = FirebaseFunctions;
		};
		1D04D37B2F4D36CC00222447 /* FirebaseMessaging */ = {
			isa = XCSwiftPackageProductDependency;
			package = 1D04D36E2F4D361800222447 /* XCRemoteSwiftPackageReference "firebase-ios-sdk" */;
			productName = FirebaseMessaging;
		};
		1D04D37D2F4D36CC00222447 /* FirebaseRemoteConfig */ = {
			isa = XCSwiftPackageProductDependency;
			package = 1D04D36E2F4D361800222447 /* XCRemoteSwiftPackageReference "firebase-ios-sdk" */;
			productName = FirebaseRemoteConfig;
		};
		1D04D37F2F4D36CC00222447 /* FirebaseStorage */ = {
			isa = XCSwiftPackageProductDependency;
			package = 1D04D36E2F4D361800222447 /* XCRemoteSwiftPackageReference "firebase-ios-sdk" */;
			productName = FirebaseStorage;
		};
		1D04D4382F4F0F7A00222447 /* GoogleSignIn */ = {
			isa = XCSwiftPackageProductDependency;
			package = 1D04D4372F4F0F7A00222447 /* XCRemoteSwiftPackageReference "GoogleSignIn-iOS" */;
			productName = GoogleSignIn;
		};
		1D04D43A2F4F0F7A00222447 /* GoogleSignInSwift */ = {
			isa = XCSwiftPackageProductDependency;
			package = 1D04D4372F4F0F7A00222447 /* XCRemoteSwiftPackageReference "GoogleSignIn-iOS" */;
			productName = GoogleSignInSwift;
		};
/* End XCSwiftPackageProductDependency section */
	};
	rootObject = 1D04D32C2F4D342100222447 /* Project object */;
}
